
Microsoft Visual Studio Solution File, Format Version 12.00
# Visual Studio Version 16
VisualStudioVersion = 16.0.30523.141
MinimumVisualStudioVersion = 10.0.40219.1
Project("{FAE04EC0-301F-11D3-BF4B-00C04F79EFBC}") = "FileSyncConsole", "FileSyncConsole\FileSyncConsole.csproj", "{31CF3F2F-231C-4609-B739-B55234862C75}"
EndProject
Project("{FAE04EC0-301F-11D3-BF4B-00C04F79EFBC}") = "Logic", "Logic\Logic.csproj", "{BA05B7F3-F0E0-4EDA-8DC1-7383A94FFDC2}"
EndProject
Global
	GlobalSection(SolutionConfigurationPlatforms) = preSolution
		Debug|Any CPU = Debug|Any CPU
		Release|Any CPU = Release|Any CPU
	EndGlobalSection
	GlobalSection(ProjectConfigurationPlatforms) = postSolution
		{31CF3F2F-231C-4609-B739-B55234862C75}.Debug|Any CPU.ActiveCfg = Debug|Any CPU
		{31CF3F2F-231C-4609-B739-B55234862C75}.Debug|Any CPU.Build.0 = Debug|Any CPU
		{31CF3F2F-231C-4609-B739-B55234862C75}.Release|Any CPU.ActiveCfg = Release|Any CPU
		{31CF3F2F-231C-4609-B739-B55234862C75}.Release|Any CPU.Build.0 = Release|Any CPU
		{BA05B7F3-F0E0-4EDA-8DC1-7383A94FFDC2}.Debug|Any CPU.ActiveCfg = Debug|Any CPU
		{BA05B7F3-F0E0-4EDA-8DC1-7383A94FFDC2}.Debug|Any CPU.Build.0 = Debug|Any CPU
		{BA05B7F3-F0E0-4EDA-8DC1-7383A94FFDC2}.Release|Any CPU.ActiveCfg = Release|Any CPU
		{BA05B7F3-F0E0-4EDA-8DC1-7383A94FFDC2}.Release|Any CPU.Build.0 = Release|Any CPU
	EndGlobalSection
	GlobalSection(SolutionProperties) = preSolution
		HideSolutionNode = FALSE
	EndGlobalSection
	GlobalSection(ExtensibilityGlobals) = postSolution
		SolutionGuid = {2CAF2BFD-8124-4C9A-B1C0-A66056BEC559}
	EndGlobalSection
EndGlobal
